// !$*UTF8*$!
{
	archiveVersion = 1;
	classes = {
	};
	objectVersion = 51;
	objects = {

/* Begin PBXBuildFile section */
		CF7527A02582F15E0048665E /* NetworkManager.swift in Sources */ = {isa = PBXBuildFile; fileRef = CF75279F2582F15E0048665E /* NetworkManager.swift */; };
		CF7527A32582F20F0048665E /* SpotifyAuth.swift in Sources */ = {isa = PBXBuildFile; fileRef = CF7527A22582F20F0048665E /* SpotifyAuth.swift */; };
		CF7527A62582F26A0048665E /* User.swift in Sources */ = {isa = PBXBuildFile; fileRef = CF7527A52582F26A0048665E /* User.swift */; };
		CF7527AA2582FD450048665E /* LoginController.swift in Sources */ = {isa = PBXBuildFile; fileRef = CF7527A92582FD450048665E /* LoginController.swift */; };
		CF7527AF2582FF3A0048665E /* UIColor+AppColors.swift in Sources */ = {isa = PBXBuildFile; fileRef = CF7527AE2582FF3A0048665E /* UIColor+AppColors.swift */; };
		CF7527B425830A0B0048665E /* UIViewController+Alert.swift in Sources */ = {isa = PBXBuildFile; fileRef = CF7527B325830A0A0048665E /* UIViewController+Alert.swift */; };
		CF7527B9258317F80048665E /* Coordinator.swift in Sources */ = {isa = PBXBuildFile; fileRef = CF7527B8258317F80048665E /* Coordinator.swift */; };
		CF7527BC2583181C0048665E /* AppCoordinator.swift in Sources */ = {isa = PBXBuildFile; fileRef = CF7527BB2583181C0048665E /* AppCoordinator.swift */; };
		CF7527BF25831A2D0048665E /* TabBarCoordinator.swift in Sources */ = {isa = PBXBuildFile; fileRef = CF7527BE25831A2D0048665E /* TabBarCoordinator.swift */; };
		CF7527C225831AD40048665E /* TabBarController.swift in Sources */ = {isa = PBXBuildFile; fileRef = CF7527C125831AD40048665E /* TabBarController.swift */; };
		CF7527C525831B1C0048665E /* HomeController.swift in Sources */ = {isa = PBXBuildFile; fileRef = CF7527C425831B1C0048665E /* HomeController.swift */; };
		CF7527C8258330760048665E /* ArtistCell.swift in Sources */ = {isa = PBXBuildFile; fileRef = CF7527C7258330760048665E /* ArtistCell.swift */; };
		CF7527CB2583383D0048665E /* FavoritesController.swift in Sources */ = {isa = PBXBuildFile; fileRef = CF7527CA2583383D0048665E /* FavoritesController.swift */; };
		CF7527CE25833AF10048665E /* ArtistDetailController.swift in Sources */ = {isa = PBXBuildFile; fileRef = CF7527CD25833AF10048665E /* ArtistDetailController.swift */; };
		CFC9504F2564907700558149 /* AppDelegate.swift in Sources */ = {isa = PBXBuildFile; fileRef = CFC9504E2564907700558149 /* AppDelegate.swift */; };
		CFC950512564907700558149 /* SceneDelegate.swift in Sources */ = {isa = PBXBuildFile; fileRef = CFC950502564907700558149 /* SceneDelegate.swift */; };
		CFC950582564907C00558149 /* Assets.xcassets in Resources */ = {isa = PBXBuildFile; fileRef = CFC950572564907C00558149 /* Assets.xcassets */; };
		CFC9505B2564907C00558149 /* LaunchScreen.storyboard in Resources */ = {isa = PBXBuildFile; fileRef = CFC950592564907C00558149 /* LaunchScreen.storyboard */; };
		CFC950642564927100558149 /* Keys.swift in Sources */ = {isa = PBXBuildFile; fileRef = CFC950632564927100558149 /* Keys.swift */; };
		E933CF009DD6047F90C4DB2E /* Pods_spotify_clone.framework in Frameworks */ = {isa = PBXBuildFile; fileRef = 20DEC3C8F7F68BBF4F28C186 /* Pods_spotify_clone.framework */; };
/* End PBXBuildFile section */

/* Begin PBXFileReference section */
		20DEC3C8F7F68BBF4F28C186 /* Pods_spotify_clone.framework */ = {isa = PBXFileReference; explicitFileType = wrapper.framework; includeInIndex = 0; path = Pods_spotify_clone.framework; sourceTree = BUILT_PRODUCTS_DIR; };
		3EA595D5005747FC88789ACA /* Pods-spotify-clone.debug.xcconfig */ = {isa = PBXFileReference; includeInIndex = 1; lastKnownFileType = text.xcconfig; name = "Pods-spotify-clone.debug.xcconfig"; path = "Target Support Files/Pods-spotify-clone/Pods-spotify-clone.debug.xcconfig"; sourceTree = "<group>"; };
		CF75279F2582F15E0048665E /* NetworkManager.swift */ = {isa = PBXFileReference; lastKnownFileType = sourcecode.swift; path = NetworkManager.swift; sourceTree = "<group>"; };
		CF7527A22582F20F0048665E /* SpotifyAuth.swift */ = {isa = PBXFileReference; lastKnownFileType = sourcecode.swift; path = SpotifyAuth.swift; sourceTree = "<group>"; };
		CF7527A52582F26A0048665E /* User.swift */ = {isa = PBXFileReference; lastKnownFileType = sourcecode.swift; path = User.swift; sourceTree = "<group>"; };
		CF7527A92582FD450048665E /* LoginController.swift */ = {isa = PBXFileReference; lastKnownFileType = sourcecode.swift; path = LoginController.swift; sourceTree = "<group>"; };
		CF7527AE2582FF3A0048665E /* UIColor+AppColors.swift */ = {isa = PBXFileReference; lastKnownFileType = sourcecode.swift; path = "UIColor+AppColors.swift"; sourceTree = "<group>"; };
		CF7527B325830A0A0048665E /* UIViewController+Alert.swift */ = {isa = PBXFileReference; lastKnownFileType = sourcecode.swift; path = "UIViewController+Alert.swift"; sourceTree = "<group>"; };
		CF7527B8258317F80048665E /* Coordinator.swift */ = {isa = PBXFileReference; lastKnownFileType = sourcecode.swift; path = Coordinator.swift; sourceTree = "<group>"; };
		CF7527BB2583181C0048665E /* AppCoordinator.swift */ = {isa = PBXFileReference; lastKnownFileType = sourcecode.swift; path = AppCoordinator.swift; sourceTree = "<group>"; };
		CF7527BE25831A2D0048665E /* TabBarCoordinator.swift */ = {isa = PBXFileReference; lastKnownFileType = sourcecode.swift; path = TabBarCoordinator.swift; sourceTree = "<group>"; };
		CF7527C125831AD40048665E /* TabBarController.swift */ = {isa = PBXFileReference; lastKnownFileType = sourcecode.swift; path = TabBarController.swift; sourceTree = "<group>"; };
		CF7527C425831B1C0048665E /* HomeController.swift */ = {isa = PBXFileReference; lastKnownFileType = sourcecode.swift; path = HomeController.swift; sourceTree = "<group>"; };
		CF7527C7258330760048665E /* ArtistCell.swift */ = {isa = PBXFileReference; lastKnownFileType = sourcecode.swift; path = ArtistCell.swift; sourceTree = "<group>"; };
		CF7527CA2583383D0048665E /* FavoritesController.swift */ = {isa = PBXFileReference; lastKnownFileType = sourcecode.swift; path = FavoritesController.swift; sourceTree = "<group>"; };
		CF7527CD25833AF10048665E /* ArtistDetailController.swift */ = {isa = PBXFileReference; lastKnownFileType = sourcecode.swift; path = ArtistDetailController.swift; sourceTree = "<group>"; };
		CFC9504B2564907600558149 /* spotify-clone.app */ = {isa = PBXFileReference; explicitFileType = wrapper.application; includeInIndex = 0; path = "spotify-clone.app"; sourceTree = BUILT_PRODUCTS_DIR; };
		CFC9504E2564907700558149 /* AppDelegate.swift */ = {isa = PBXFileReference; lastKnownFileType = sourcecode.swift; path = AppDelegate.swift; sourceTree = "<group>"; };
		CFC950502564907700558149 /* SceneDelegate.swift */ = {isa = PBXFileReference; lastKnownFileType = sourcecode.swift; path = SceneDelegate.swift; sourceTree = "<group>"; };
		CFC950572564907C00558149 /* Assets.xcassets */ = {isa = PBXFileReference; lastKnownFileType = folder.assetcatalog; path = Assets.xcassets; sourceTree = "<group>"; };
		CFC9505A2564907C00558149 /* Base */ = {isa = PBXFileReference; lastKnownFileType = file.storyboard; name = Base; path = Base.lproj/LaunchScreen.storyboard; sourceTree = "<group>"; };
		CFC9505C2564907C00558149 /* Info.plist */ = {isa = PBXFileReference; lastKnownFileType = text.plist.xml; path = Info.plist; sourceTree = "<group>"; };
		CFC950632564927100558149 /* Keys.swift */ = {isa = PBXFileReference; lastKnownFileType = sourcecode.swift; path = Keys.swift; sourceTree = "<group>"; };
		E139919AFB6153FB66F1B2D0 /* Pods-spotify-clone.release.xcconfig */ = {isa = PBXFileReference; includeInIndex = 1; lastKnownFileType = text.xcconfig; name = "Pods-spotify-clone.release.xcconfig"; path = "Target Support Files/Pods-spotify-clone/Pods-spotify-clone.release.xcconfig"; sourceTree = "<group>"; };
/* End PBXFileReference section */

/* Begin PBXFrameworksBuildPhase section */
		CFC950482564907600558149 /* Frameworks */ = {
			isa = PBXFrameworksBuildPhase;
			buildActionMask = 2147483647;
			files = (
				E933CF009DD6047F90C4DB2E /* Pods_spotify_clone.framework in Frameworks */,
			);
			runOnlyForDeploymentPostprocessing = 0;
		};
/* End PBXFrameworksBuildPhase section */

/* Begin PBXGroup section */
		250B427D493DC19C2C17FA98 /* Pods */ = {
			isa = PBXGroup;
			children = (
				3EA595D5005747FC88789ACA /* Pods-spotify-clone.debug.xcconfig */,
				E139919AFB6153FB66F1B2D0 /* Pods-spotify-clone.release.xcconfig */,
			);
			path = Pods;
			sourceTree = "<group>";
		};
		4FC143262BF5E7E595D50280 /* Frameworks */ = {
			isa = PBXGroup;
			children = (
				20DEC3C8F7F68BBF4F28C186 /* Pods_spotify_clone.framework */,
			);
			name = Frameworks;
			sourceTree = "<group>";
		};
		CF53A609256B46CB0031175F /* Networking */ = {
			isa = PBXGroup;
			children = (
				CF75279F2582F15E0048665E /* NetworkManager.swift */,
			);
			path = Networking;
			sourceTree = "<group>";
		};
		CF53A60A256B46D30031175F /* Controllers */ = {
			isa = PBXGroup;
			children = (
				CF7527A92582FD450048665E /* LoginController.swift */,
				CF7527C125831AD40048665E /* TabBarController.swift */,
				CF7527C425831B1C0048665E /* HomeController.swift */,
				CF7527CA2583383D0048665E /* FavoritesController.swift */,
				CF7527CD25833AF10048665E /* ArtistDetailController.swift */,
			);
			path = Controllers;
			sourceTree = "<group>";
		};
		CF53A60B256B46E00031175F /* Views */ = {
			isa = PBXGroup;
			children = (
				CF7527C7258330760048665E /* ArtistCell.swift */,
			);
			path = Views;
			sourceTree = "<group>";
		};
		CF53A60C256B46F00031175F /* Models */ = {
			isa = PBXGroup;
			children = (
				CF7527A22582F20F0048665E /* SpotifyAuth.swift */,
				CF7527A52582F26A0048665E /* User.swift */,
			);
			path = Models;
			sourceTree = "<group>";
		};
		CF7527AD2582FF200048665E /* Extensions */ = {
			isa = PBXGroup;
			children = (
				CF7527AE2582FF3A0048665E /* UIColor+AppColors.swift */,
				CF7527B325830A0A0048665E /* UIViewController+Alert.swift */,
			);
			path = Extensions;
			sourceTree = "<group>";
		};
		CF7527B7258317EA0048665E /* Coordinators */ = {
			isa = PBXGroup;
			children = (
				CF7527B8258317F80048665E /* Coordinator.swift */,
				CF7527BB2583181C0048665E /* AppCoordinator.swift */,
				CF7527BE25831A2D0048665E /* TabBarCoordinator.swift */,
			);
			path = Coordinators;
			sourceTree = "<group>";
		};
		CFC950422564907600558149 = {
			isa = PBXGroup;
			children = (
				CFC9504D2564907700558149 /* spotify-clone */,
				CFC9504C2564907600558149 /* Products */,
				250B427D493DC19C2C17FA98 /* Pods */,
				4FC143262BF5E7E595D50280 /* Frameworks */,
			);
			sourceTree = "<group>";
		};
		CFC9504C2564907600558149 /* Products */ = {
			isa = PBXGroup;
			children = (
				CFC9504B2564907600558149 /* spotify-clone.app */,
			);
			name = Products;
			sourceTree = "<group>";
		};
		CFC9504D2564907700558149 /* spotify-clone */ = {
			isa = PBXGroup;
			children = (
				CFC950632564927100558149 /* Keys.swift */,
				CF7527B7258317EA0048665E /* Coordinators */,
				CF7527AD2582FF200048665E /* Extensions */,
				CF53A60C256B46F00031175F /* Models */,
				CF53A60B256B46E00031175F /* Views */,
				CF53A60A256B46D30031175F /* Controllers */,
				CF53A609256B46CB0031175F /* Networking */,
				CFC9504E2564907700558149 /* AppDelegate.swift */,
				CFC950502564907700558149 /* SceneDelegate.swift */,
				CFC950572564907C00558149 /* Assets.xcassets */,
				CFC950592564907C00558149 /* LaunchScreen.storyboard */,
				CFC9505C2564907C00558149 /* Info.plist */,
			);
			path = "spotify-clone";
			sourceTree = "<group>";
		};
/* End PBXGroup section */

/* Begin PBXNativeTarget section */
		CFC9504A2564907600558149 /* spotify-clone */ = {
			isa = PBXNativeTarget;
			buildConfigurationList = CFC9505F2564907C00558149 /* Build configuration list for PBXNativeTarget "spotify-clone" */;
			buildPhases = (
				FED741E41EBBEA76681624B3 /* [CP] Check Pods Manifest.lock */,
				CFC950472564907600558149 /* Sources */,
				CFC950482564907600558149 /* Frameworks */,
				CFC950492564907600558149 /* Resources */,
				C7D18A79B71B4AF240C87265 /* [CP] Embed Pods Frameworks */,
			);
			buildRules = (
			);
			dependencies = (
			);
			name = "spotify-clone";
			productName = "spotify-clone";
			productReference = CFC9504B2564907600558149 /* spotify-clone.app */;
			productType = "com.apple.product-type.application";
		};
/* End PBXNativeTarget section */

/* Begin PBXProject section */
		CFC950432564907600558149 /* Project object */ = {
			isa = PBXProject;
			attributes = {
				LastSwiftUpdateCheck = 1200;
				LastUpgradeCheck = 1200;
				TargetAttributes = {
					CFC9504A2564907600558149 = {
						CreatedOnToolsVersion = 12.0;
					};
				};
			};
			buildConfigurationList = CFC950462564907600558149 /* Build configuration list for PBXProject "spotify-clone" */;
			compatibilityVersion = "Xcode 9.3";
			developmentRegion = en;
			hasScannedForEncodings = 0;
			knownRegions = (
				en,
				Base,
			);
			mainGroup = CFC950422564907600558149;
			productRefGroup = CFC9504C2564907600558149 /* Products */;
			projectDirPath = "";
			projectRoot = "";
			targets = (
				CFC9504A2564907600558149 /* spotify-clone */,
			);
		};
/* End PBXProject section */

/* Begin PBXResourcesBuildPhase section */
		CFC950492564907600558149 /* Resources */ = {
			isa = PBXResourcesBuildPhase;
			buildActionMask = 2147483647;
			files = (
				CFC9505B2564907C00558149 /* LaunchScreen.storyboard in Resources */,
				CFC950582564907C00558149 /* Assets.xcassets in Resources */,
			);
			runOnlyForDeploymentPostprocessing = 0;
		};
/* End PBXResourcesBuildPhase section */

/* Begin PBXShellScriptBuildPhase section */
		C7D18A79B71B4AF240C87265 /* [CP] Embed Pods Frameworks */ = {
			isa = PBXShellScriptBuildPhase;
			buildActionMask = 2147483647;
			files = (
			);
			inputFileListPaths = (
				"${PODS_ROOT}/Target Support Files/Pods-spotify-clone/Pods-spotify-clone-frameworks-${CONFIGURATION}-input-files.xcfilelist",
			);
			name = "[CP] Embed Pods Frameworks";
			outputFileListPaths = (
				"${PODS_ROOT}/Target Support Files/Pods-spotify-clone/Pods-spotify-clone-frameworks-${CONFIGURATION}-output-files.xcfilelist",
			);
			runOnlyForDeploymentPostprocessing = 0;
			shellPath = /bin/sh;
			shellScript = "\"${PODS_ROOT}/Target Support Files/Pods-spotify-clone/Pods-spotify-clone-frameworks.sh\"\n";
			showEnvVarsInLog = 0;
		};
		FED741E41EBBEA76681624B3 /* [CP] Check Pods Manifest.lock */ = {
			isa = PBXShellScriptBuildPhase;
			buildActionMask = 2147483647;
			files = (
			);
			inputFileListPaths = (
			);
			inputPaths = (
				"${PODS_PODFILE_DIR_PATH}/Podfile.lock",
				"${PODS_ROOT}/Manifest.lock",
			);
			name = "[CP] Check Pods Manifest.lock";
			outputFileListPaths = (
			);
			outputPaths = (
				"$(DERIVED_FILE_DIR)/Pods-spotify-clone-checkManifestLockResult.txt",
			);
			runOnlyForDeploymentPostprocessing = 0;
			shellPath = /bin/sh;
			shellScript = "diff \"${PODS_PODFILE_DIR_PATH}/Podfile.lock\" \"${PODS_ROOT}/Manifest.lock\" > /dev/null\nif [ $? != 0 ] ; then\n    # print error to STDERR\n    echo \"error: The sandbox is not in sync with the Podfile.lock. Run 'pod install' or update your CocoaPods installation.\" >&2\n    exit 1\nfi\n# This output is used by Xcode 'outputs' to avoid re-running this script phase.\necho \"SUCCESS\" > \"${SCRIPT_OUTPUT_FILE_0}\"\n";
			showEnvVarsInLog = 0;
		};
/* End PBXShellScriptBuildPhase section */

/* Begin PBXSourcesBuildPhase section */
		CFC950472564907600558149 /* Sources */ = {
			isa = PBXSourcesBuildPhase;
			buildActionMask = 2147483647;
			files = (
				CF7527BC2583181C0048665E /* AppCoordinator.swift in Sources */,
				CF7527C225831AD40048665E /* TabBarController.swift in Sources */,
				CF7527C525831B1C0048665E /* HomeController.swift in Sources */,
				CF7527B425830A0B0048665E /* UIViewController+Alert.swift in Sources */,
				CF7527BF25831A2D0048665E /* TabBarCoordinator.swift in Sources */,
				CF7527CE25833AF10048665E /* ArtistDetailController.swift in Sources */,
				CF7527A32582F20F0048665E /* SpotifyAuth.swift in Sources */,
				CF7527B9258317F80048665E /* Coordinator.swift in Sources */,
				CFC950642564927100558149 /* Keys.swift in Sources */,
				CF7527C8258330760048665E /* ArtistCell.swift in Sources */,
				CF7527A02582F15E0048665E /* NetworkManager.swift in Sources */,
				CFC9504F2564907700558149 /* AppDelegate.swift in Sources */,
				CF7527CB2583383D0048665E /* FavoritesController.swift in Sources */,
				CFC950512564907700558149 /* SceneDelegate.swift in Sources */,
				CF7527AF2582FF3A0048665E /* UIColor+AppColors.swift in Sources */,
				CF7527A62582F26A0048665E /* User.swift in Sources */,
				CF7527AA2582FD450048665E /* LoginController.swift in Sources */,
			);
			runOnlyForDeploymentPostprocessing = 0;
		};
/* End PBXSourcesBuildPhase section */

/* Begin PBXVariantGroup section */
		CFC950592564907C00558149 /* LaunchScreen.storyboard */ = {
			isa = PBXVariantGroup;
			children = (
				CFC9505A2564907C00558149 /* Base */,
			);
			name = LaunchScreen.storyboard;
			sourceTree = "<group>";
		};
/* End PBXVariantGroup section */

/* Begin XCBuildConfiguration section */
		CFC9505D2564907C00558149 /* Debug */ = {
			isa = XCBuildConfiguration;
			buildSettings = {
				ALWAYS_SEARCH_USER_PATHS = NO;
				CLANG_ANALYZER_NONNULL = YES;
				CLANG_ANALYZER_NUMBER_OBJECT_CONVERSION = YES_AGGRESSIVE;
				CLANG_CXX_LANGUAGE_STANDARD = "gnu++14";
				CLANG_CXX_LIBRARY = "libc++";
				CLANG_ENABLE_MODULES = YES;
				CLANG_ENABLE_OBJC_ARC = YES;
				CLANG_ENABLE_OBJC_WEAK = YES;
				CLANG_WARN_BLOCK_CAPTURE_AUTORELEASING = YES;
				CLANG_WARN_BOOL_CONVERSION = YES;
				CLANG_WARN_COMMA = YES;
				CLANG_WARN_CONSTANT_CONVERSION = YES;
				CLANG_WARN_DEPRECATED_OBJC_IMPLEMENTATIONS = YES;
				CLANG_WARN_DIRECT_OBJC_ISA_USAGE = YES_ERROR;
				CLANG_WARN_DOCUMENTATION_COMMENTS = YES;
				CLANG_WARN_EMPTY_BODY = YES;
				CLANG_WARN_ENUM_CONVERSION = YES;
				CLANG_WARN_INFINITE_RECURSION = YES;
				CLANG_WARN_INT_CONVERSION = YES;
				CLANG_WARN_NON_LITERAL_NULL_CONVERSION = YES;
				CLANG_WARN_OBJC_IMPLICIT_RETAIN_SELF = YES;
				CLANG_WARN_OBJC_LITERAL_CONVERSION = YES;
				CLANG_WARN_OBJC_ROOT_CLASS = YES_ERROR;
				CLANG_WARN_QUOTED_INCLUDE_IN_FRAMEWORK_HEADER = YES;
				CLANG_WARN_RANGE_LOOP_ANALYSIS = YES;
				CLANG_WARN_STRICT_PROTOTYPES = YES;
				CLANG_WARN_SUSPICIOUS_MOVE = YES;
				CLANG_WARN_UNGUARDED_AVAILABILITY = YES_AGGRESSIVE;
				CLANG_WARN_UNREACHABLE_CODE = YES;
				CLANG_WARN__DUPLICATE_METHOD_MATCH = YES;
				COPY_PHASE_STRIP = NO;
				DEBUG_INFORMATION_FORMAT = dwarf;
				ENABLE_STRICT_OBJC_MSGSEND = YES;
				ENABLE_TESTABILITY = YES;
				GCC_C_LANGUAGE_STANDARD = gnu11;
				GCC_DYNAMIC_NO_PIC = NO;
				GCC_NO_COMMON_BLOCKS = YES;
				GCC_OPTIMIZATION_LEVEL = 0;
				GCC_PREPROCESSOR_DEFINITIONS = (
					"DEBUG=1",
					"$(inherited)",
				);
				GCC_WARN_64_TO_32_BIT_CONVERSION = YES;
				GCC_WARN_ABOUT_RETURN_TYPE = YES_ERROR;
				GCC_WARN_UNDECLARED_SELECTOR = YES;
				GCC_WARN_UNINITIALIZED_AUTOS = YES_AGGRESSIVE;
				GCC_WARN_UNUSED_FUNCTION = YES;
				GCC_WARN_UNUSED_VARIABLE = YES;
				IPHONEOS_DEPLOYMENT_TARGET = 14.0;
				MTL_ENABLE_DEBUG_INFO = INCLUDE_SOURCE;
				MTL_FAST_MATH = YES;
				ONLY_ACTIVE_ARCH = YES;
				SDKROOT = iphoneos;
				SWIFT_ACTIVE_COMPILATION_CONDITIONS = DEBUG;
				SWIFT_OPTIMIZATION_LEVEL = "-Onone";
			};
			name = Debug;
		};
		CFC9505E2564907C00558149 /* Release */ = {
			isa = XCBuildConfiguration;
			buildSettings = {
				ALWAYS_SEARCH_USER_PATHS = NO;
				CLANG_ANALYZER_NONNULL = YES;
				CLANG_ANALYZER_NUMBER_OBJECT_CONVERSION = YES_AGGRESSIVE;
				CLANG_CXX_LANGUAGE_STANDARD = "gnu++14";
				CLANG_CXX_LIBRARY = "libc++";
				CLANG_ENABLE_MODULES = YES;
				CLANG_ENABLE_OBJC_ARC = YES;
				CLANG_ENABLE_OBJC_WEAK = YES;
				CLANG_WARN_BLOCK_CAPTURE_AUTORELEASING = YES;
				CLANG_WARN_BOOL_CONVERSION = YES;
				CLANG_WARN_COMMA = YES;
				CLANG_WARN_CONSTANT_CONVERSION = YES;
				CLANG_WARN_DEPRECATED_OBJC_IMPLEMENTATIONS = YES;
				CLANG_WARN_DIRECT_OBJC_ISA_USAGE = YES_ERROR;
				CLANG_WARN_DOCUMENTATION_COMMENTS = YES;
				CLANG_WARN_EMPTY_BODY = YES;
				CLANG_WARN_ENUM_CONVERSION = YES;
				CLANG_WARN_INFINITE_RECURSION = YES;
				CLANG_WARN_INT_CONVERSION = YES;
				CLANG_WARN_NON_LITERAL_NULL_CONVERSION = YES;
				CLANG_WARN_OBJC_IMPLICIT_RETAIN_SELF = YES;
				CLANG_WARN_OBJC_LITERAL_CONVERSION = YES;
				CLANG_WARN_OBJC_ROOT_CLASS = YES_ERROR;
				CLANG_WARN_QUOTED_INCLUDE_IN_FRAMEWORK_HEADER = YES;
				CLANG_WARN_RANGE_LOOP_ANALYSIS = YES;
				CLANG_WARN_STRICT_PROTOTYPES = YES;
				CLANG_WARN_SUSPICIOUS_MOVE = YES;
				CLANG_WARN_UNGUARDED_AVAILABILITY = YES_AGGRESSIVE;
				CLANG_WARN_UNREACHABLE_CODE = YES;
				CLANG_WARN__DUPLICATE_METHOD_MATCH = YES;
				COPY_PHASE_STRIP = NO;
				DEBUG_INFORMATION_FORMAT = "dwarf-with-dsym";
				ENABLE_NS_ASSERTIONS = NO;
				ENABLE_STRICT_OBJC_MSGSEND = YES;
				GCC_C_LANGUAGE_STANDARD = gnu11;
				GCC_NO_COMMON_BLOCKS = YES;
				GCC_WARN_64_TO_32_BIT_CONVERSION = YES;
				GCC_WARN_ABOUT_RETURN_TYPE = YES_ERROR;
				GCC_WARN_UNDECLARED_SELECTOR = YES;
				GCC_WARN_UNINITIALIZED_AUTOS = YES_AGGRESSIVE;
				GCC_WARN_UNUSED_FUNCTION = YES;
				GCC_WARN_UNUSED_VARIABLE = YES;
				IPHONEOS_DEPLOYMENT_TARGET = 14.0;
				MTL_ENABLE_DEBUG_INFO = NO;
				MTL_FAST_MATH = YES;
				SDKROOT = iphoneos;
				SWIFT_COMPILATION_MODE = wholemodule;
				SWIFT_OPTIMIZATION_LEVEL = "-O";
				VALIDATE_PRODUCT = YES;
			};
			name = Release;
		};
		CFC950602564907C00558149 /* Debug */ = {
			isa = XCBuildConfiguration;
			baseConfigurationReference = 3EA595D5005747FC88789ACA /* Pods-spotify-clone.debug.xcconfig */;
			buildSettings = {
				ASSETCATALOG_COMPILER_APPICON_NAME = AppIcon;
				ASSETCATALOG_COMPILER_GLOBAL_ACCENT_COLOR_NAME = AccentColor;
				CODE_SIGN_STYLE = Automatic;
				DEVELOPMENT_TEAM = HXYM5H2DXG;
				FRAMEWORK_SEARCH_PATHS = (
					"$(inherited)",
					"$(PROJECT_DIR)/spotify-clone",
				);
				INFOPLIST_FILE = "spotify-clone/Info.plist";
				LD_RUNPATH_SEARCH_PATHS = (
					"$(inherited)",
					"@executable_path/Frameworks",
				);
				OTHER_LDFLAGS = "-ObjC";
				PRODUCT_BUNDLE_IDENTIFIER = "com.anikamorris.spotify-clone";
				PRODUCT_NAME = "$(TARGET_NAME)";
				SWIFT_OBJC_BRIDGING_HEADER = "";
				SWIFT_VERSION = 5.0;
				TARGETED_DEVICE_FAMILY = "1,2";
			};
			name = Debug;
		};
		CFC950612564907C00558149 /* Release */ = {
			isa = XCBuildConfiguration;
			baseConfigurationReference = E139919AFB6153FB66F1B2D0 /* Pods-spotify-clone.release.xcconfig */;
			buildSettings = {
				ASSETCATALOG_COMPILER_APPICON_NAME = AppIcon;
				ASSETCATALOG_COMPILER_GLOBAL_ACCENT_COLOR_NAME = AccentColor;
				CODE_SIGN_STYLE = Automatic;
				DEVELOPMENT_TEAM = HXYM5H2DXG;
				FRAMEWORK_SEARCH_PATHS = (
					"$(inherited)",
					"$(PROJECT_DIR)/spotify-clone",
				);
				INFOPLIST_FILE = "spotify-clone/Info.plist";
				LD_RUNPATH_SEARCH_PATHS = (
					"$(inherited)",
					"@executable_path/Frameworks",
				);
				OTHER_LDFLAGS = "-ObjC";
				PRODUCT_BUNDLE_IDENTIFIER = "com.anikamorris.spotify-clone";
				PRODUCT_NAME = "$(TARGET_NAME)";
				SWIFT_OBJC_BRIDGING_HEADER = "";
				SWIFT_VERSION = 5.0;
				TARGETED_DEVICE_FAMILY = "1,2";
			};
			name = Release;
		};
/* End XCBuildConfiguration section */

/* Begin XCConfigurationList section */
		CFC950462564907600558149 /* Build configuration list for PBXProject "spotify-clone" */ = {
			isa = XCConfigurationList;
			buildConfigurations = (
				CFC9505D2564907C00558149 /* Debug */,
				CFC9505E2564907C00558149 /* Release */,
			);
			defaultConfigurationIsVisible = 0;
			defaultConfigurationName = Release;
		};
		CFC9505F2564907C00558149 /* Build configuration list for PBXNativeTarget "spotify-clone" */ = {
			isa = XCConfigurationList;
			buildConfigurations = (
				CFC950602564907C00558149 /* Debug */,
				CFC950612564907C00558149 /* Release */,
			);
			defaultConfigurationIsVisible = 0;
			defaultConfigurationName = Release;
		};
/* End XCConfigurationList section */
	};
	rootObject = CFC950432564907600558149 /* Project object */;
}
